
Microsoft Visual Studio Solution File, Format Version 12.00
# Visual Studio Version 17
VisualStudioVersion = 17.0.31912.275
MinimumVisualStudioVersion = 10.0.40219.1
Project("{FAE04EC0-301F-11D3-BF4B-00C04F79EFBC}") = "Xamarin_App1.UWP", "Xamarin_App1\Xamarin_App1.UWP\Xamarin_App1.UWP.csproj", "{FCC79DEE-5762-44DD-AB94-2ECA0B8686FE}"
EndProject
Project("{FAE04EC0-301F-11D3-BF4B-00C04F79EFBC}") = "Xamarin_App1.Android", "Xamarin_App1\Xamarin_App1.Android\Xamarin_App1.Android.csproj", "{0A352925-0EFC-4AE5-B0CB-51EAFD479770}"
EndProject
Project("{FAE04EC0-301F-11D3-BF4B-00C04F79EFBC}") = "Xamarin_App1.iOS", "Xamarin_App1\Xamarin_App1.iOS\Xamarin_App1.iOS.csproj", "{896B0BE6-4739-4DAB-A1C3-D0F138610A84}"
EndProject
Project("{FAE04EC0-301F-11D3-BF4B-00C04F79EFBC}") = "Xamarin_App1", "Xamarin_App1\Xamarin_App1\Xamarin_App1.csproj", "{A7021B41-8CE2-4A67-A190-A86517E3669E}"
EndProject
Global
	GlobalSection(SolutionConfigurationPlatforms) = preSolution
		Debug|Any CPU = Debug|Any CPU
		Debug|ARM = Debug|ARM
		Debug|iPhone = Debug|iPhone
		Debug|iPhoneSimulator = Debug|iPhoneSimulator
		Debug|x64 = Debug|x64
		Debug|x86 = Debug|x86
		Release|Any CPU = Release|Any CPU
		Release|ARM = Release|ARM
		Release|iPhone = Release|iPhone
		Release|iPhoneSimulator = Release|iPhoneSimulator
		Release|x64 = Release|x64
		Release|x86 = Release|x86
	EndGlobalSection
	GlobalSection(ProjectConfigurationPlatforms) = postSolution
		{FCC79DEE-5762-44DD-AB94-2ECA0B8686FE}.Debug|Any CPU.ActiveCfg = Debug|x64
		{FCC79DEE-5762-44DD-AB94-2ECA0B8686FE}.Debug|Any CPU.Build.0 = Debug|x64
		{FCC79DEE-5762-44DD-AB94-2ECA0B8686FE}.Debug|Any CPU.Deploy.0 = Debug|x64
		{FCC79DEE-5762-44DD-AB94-2ECA0B8686FE}.Debug|ARM.ActiveCfg = Debug|ARM
		{FCC79DEE-5762-44DD-AB94-2ECA0B8686FE}.Debug|ARM.Build.0 = Debug|ARM
		{FCC79DEE-5762-44DD-AB94-2ECA0B8686FE}.Debug|ARM.Deploy.0 = Debug|ARM
		{FCC79DEE-5762-44DD-AB94-2ECA0B8686FE}.Debug|iPhone.ActiveCfg = Debug|x64
		{FCC79DEE-5762-44DD-AB94-2ECA0B8686FE}.Debug|iPhone.Build.0 = Debug|x64
		{FCC79DEE-5762-44DD-AB94-2ECA0B8686FE}.Debug|iPhone.Deploy.0 = Debug|x64
		{FCC79DEE-5762-44DD-AB94-2ECA0B8686FE}.Debug|iPhoneSimulator.ActiveCfg = Debug|x64
		{FCC79DEE-5762-44DD-AB94-2ECA0B8686FE}.Debug|iPhoneSimulator.Build.0 = Debug|x64
		{FCC79DEE-5762-44DD-AB94-2ECA0B8686FE}.Debug|iPhoneSimulator.Deploy.0 = Debug|x64
		{FCC79DEE-5762-44DD-AB94-2ECA0B8686FE}.Debug|x64.ActiveCfg = Debug|x64
		{FCC79DEE-5762-44DD-AB94-2ECA0B8686FE}.Debug|x64.Build.0 = Debug|x64
		{FCC79DEE-5762-44DD-AB94-2ECA0B8686FE}.Debug|x64.Deploy.0 = Debug|x64
		{FCC79DEE-5762-44DD-AB94-2ECA0B8686FE}.Debug|x86.ActiveCfg = Debug|x86
		{FCC79DEE-5762-44DD-AB94-2ECA0B8686FE}.Debug|x86.Build.0 = Debug|x86
		{FCC79DEE-5762-44DD-AB94-2ECA0B8686FE}.Debug|x86.Deploy.0 = Debug|x86
		{FCC79DEE-5762-44DD-AB94-2ECA0B8686FE}.Release|Any CPU.ActiveCfg = Release|x64
		{FCC79DEE-5762-44DD-AB94-2ECA0B8686FE}.Release|Any CPU.Build.0 = Release|x64
		{FCC79DEE-5762-44DD-AB94-2ECA0B8686FE}.Release|Any CPU.Deploy.0 = Release|x64
		{FCC79DEE-5762-44DD-AB94-2ECA0B8686FE}.Release|ARM.ActiveCfg = Release|ARM
		{FCC79DEE-5762-44DD-AB94-2ECA0B8686FE}.Release|ARM.Build.0 = Release|ARM
		{FCC79DEE-5762-44DD-AB94-2ECA0B8686FE}.Release|ARM.Deploy.0 = Release|ARM
		{FCC79DEE-5762-44DD-AB94-2ECA0B8686FE}.Release|iPhone.ActiveCfg = Release|x64
		{FCC79DEE-5762-44DD-AB94-2ECA0B8686FE}.Release|iPhone.Build.0 = Release|x64
		{FCC79DEE-5762-44DD-AB94-2ECA0B8686FE}.Release|iPhone.Deploy.0 = Release|x64
		{FCC79DEE-5762-44DD-AB94-2ECA0B8686FE}.Release|iPhoneSimulator.ActiveCfg = Release|x64
		{FCC79DEE-5762-44DD-AB94-2ECA0B8686FE}.Release|iPhoneSimulator.Build.0 = Release|x64
		{FCC79DEE-5762-44DD-AB94-2ECA0B8686FE}.Release|iPhoneSimulator.Deploy.0 = Release|x64
		{FCC79DEE-5762-44DD-AB94-2ECA0B8686FE}.Release|x64.ActiveCfg = Release|x64
		{FCC79DEE-5762-44DD-AB94-2ECA0B8686FE}.Release|x64.Build.0 = Release|x64
		{FCC79DEE-5762-44DD-AB94-2ECA0B8686FE}.Release|x64.Deploy.0 = Release|x64
		{FCC79DEE-5762-44DD-AB94-2ECA0B8686FE}.Release|x86.ActiveCfg = Release|x86
		{FCC79DEE-5762-44DD-AB94-2ECA0B8686FE}.Release|x86.Build.0 = Release|x86
		{FCC79DEE-5762-44DD-AB94-2ECA0B8686FE}.Release|x86.Deploy.0 = Release|x86
		{0A352925-0EFC-4AE5-B0CB-51EAFD479770}.Debug|Any CPU.ActiveCfg = Debug|Any CPU
		{0A352925-0EFC-4AE5-B0CB-51EAFD479770}.Debug|Any CPU.Build.0 = Debug|Any CPU
		{0A352925-0EFC-4AE5-B0CB-51EAFD479770}.Debug|Any CPU.Deploy.0 = Debug|Any CPU
		{0A352925-0EFC-4AE5-B0CB-51EAFD479770}.Debug|ARM.ActiveCfg = Debug|Any CPU
		{0A352925-0EFC-4AE5-B0CB-51EAFD479770}.Debug|ARM.Build.0 = Debug|Any CPU
		{0A352925-0EFC-4AE5-B0CB-51EAFD479770}.Debug|ARM.Deploy.0 = Debug|Any CPU
		{0A352925-0EFC-4AE5-B0CB-51EAFD479770}.Debug|iPhone.ActiveCfg = Debug|Any CPU
		{0A352925-0EFC-4AE5-B0CB-51EAFD479770}.Debug|iPhone.Build.0 = Debug|Any CPU
		{0A352925-0EFC-4AE5-B0CB-51EAFD479770}.Debug|iPhone.Deploy.0 = Debug|Any CPU
		{0A352925-0EFC-4AE5-B0CB-51EAFD479770}.Debug|iPhoneSimulator.ActiveCfg = Debug|Any CPU
		{0A352925-0EFC-4AE5-B0CB-51EAFD479770}.Debug|iPhoneSimulator.Build.0 = Debug|Any CPU
		{0A352925-0EFC-4AE5-B0CB-51EAFD479770}.Debug|iPhoneSimulator.Deploy.0 = Debug|Any CPU
		{0A352925-0EFC-4AE5-B0CB-51EAFD479770}.Debug|x64.ActiveCfg = Debug|Any CPU
		{0A352925-0EFC-4AE5-B0CB-51EAFD479770}.Debug|x64.Build.0 = Debug|Any CPU
		{0A352925-0EFC-4AE5-B0CB-51EAFD479770}.Debug|x64.Deploy.0 = Debug|Any CPU
		{0A352925-0EFC-4AE5-B0CB-51EAFD479770}.Debug|x86.ActiveCfg = Debug|Any CPU
		{0A352925-0EFC-4AE5-B0CB-51EAFD479770}.Debug|x86.Build.0 = Debug|Any CPU
		{0A352925-0EFC-4AE5-B0CB-51EAFD479770}.Debug|x86.Deploy.0 = Debug|Any CPU
		{0A352925-0EFC-4AE5-B0CB-51EAFD479770}.Release|Any CPU.ActiveCfg = Release|Any CPU
		{0A352925-0EFC-4AE5-B0CB-51EAFD479770}.Release|Any CPU.Build.0 = Release|Any CPU
		{0A352925-0EFC-4AE5-B0CB-51EAFD479770}.Release|Any CPU.Deploy.0 = Release|Any CPU
		{0A352925-0EFC-4AE5-B0CB-51EAFD479770}.Release|ARM.ActiveCfg = Release|Any CPU
		{0A352925-0EFC-4AE5-B0CB-51EAFD479770}.Release|ARM.Build.0 = Release|Any CPU
		{0A352925-0EFC-4AE5-B0CB-51EAFD479770}.Release|ARM.Deploy.0 = Release|Any CPU
		{0A352925-0EFC-4AE5-B0CB-51EAFD479770}.Release|iPhone.ActiveCfg = Release|Any CPU
		{0A352925-0EFC-4AE5-B0CB-51EAFD479770}.Release|iPhone.Build.0 = Release|Any CPU
		{0A352925-0EFC-4AE5-B0CB-51EAFD479770}.Release|iPhone.Deploy.0 = Release|Any CPU
		{0A352925-0EFC-4AE5-B0CB-51EAFD479770}.Release|iPhoneSimulator.ActiveCfg = Release|Any CPU
		{0A352925-0EFC-4AE5-B0CB-51EAFD479770}.Release|iPhoneSimulator.Build.0 = Release|Any CPU
		{0A352925-0EFC-4AE5-B0CB-51EAFD479770}.Release|iPhoneSimulator.Deploy.0 = Release|Any CPU
		{0A352925-0EFC-4AE5-B0CB-51EAFD479770}.Release|x64.ActiveCfg = Release|Any CPU
		{0A352925-0EFC-4AE5-B0CB-51EAFD479770}.Release|x64.Build.0 = Release|Any CPU
		{0A352925-0EFC-4AE5-B0CB-51EAFD479770}.Release|x64.Deploy.0 = Release|Any CPU
		{0A352925-0EFC-4AE5-B0CB-51EAFD479770}.Release|x86.ActiveCfg = Release|Any CPU
		{0A352925-0EFC-4AE5-B0CB-51EAFD479770}.Release|x86.Build.0 = Release|Any CPU
		{0A352925-0EFC-4AE5-B0CB-51EAFD479770}.Release|x86.Deploy.0 = Release|Any CPU
		{896B0BE6-4739-4DAB-A1C3-D0F138610A84}.Debug|Any CPU.ActiveCfg = Debug|iPhoneSimulator
		{896B0BE6-4739-4DAB-A1C3-D0F138610A84}.Debug|Any CPU.Build.0 = Debug|iPhoneSimulator
		{896B0BE6-4739-4DAB-A1C3-D0F138610A84}.Debug|Any CPU.Deploy.0 = Debug|iPhoneSimulator
		{896B0BE6-4739-4DAB-A1C3-D0F138610A84}.Debug|ARM.ActiveCfg = Debug|iPhoneSimulator
		{896B0BE6-4739-4DAB-A1C3-D0F138610A84}.Debug|ARM.Build.0 = Debug|iPhoneSimulator
		{896B0BE6-4739-4DAB-A1C3-D0F138610A84}.Debug|ARM.Deploy.0 = Debug|iPhoneSimulator
		{896B0BE6-4739-4DAB-A1C3-D0F138610A84}.Debug|iPhone.ActiveCfg = Debug|iPhone
		{896B0BE6-4739-4DAB-A1C3-D0F138610A84}.Debug|iPhone.Build.0 = Debug|iPhone
		{896B0BE6-4739-4DAB-A1C3-D0F138610A84}.Debug|iPhone.Deploy.0 = Debug|iPhone
		{896B0BE6-4739-4DAB-A1C3-D0F138610A84}.Debug|iPhoneSimulator.ActiveCfg = Debug|iPhoneSimulator
		{896B0BE6-4739-4DAB-A1C3-D0F138610A84}.Debug|iPhoneSimulator.Build.0 = Debug|iPhoneSimulator
		{896B0BE6-4739-4DAB-A1C3-D0F138610A84}.Debug|iPhoneSimulator.Deploy.0 = Debug|iPhoneSimulator
		{896B0BE6-4739-4DAB-A1C3-D0F138610A84}.Debug|x64.ActiveCfg = Debug|iPhone
		{896B0BE6-4739-4DAB-A1C3-D0F138610A84}.Debug|x64.Build.0 = Debug|iPhone
		{896B0BE6-4739-4DAB-A1C3-D0F138610A84}.Debug|x64.Deploy.0 = Debug|iPhone
		{896B0BE6-4739-4DAB-A1C3-D0F138610A84}.Debug|x86.ActiveCfg = Debug|iPhoneSimulator
		{896B0BE6-4739-4DAB-A1C3-D0F138610A84}.Debug|x86.Build.0 = Debug|iPhoneSimulator
		{896B0BE6-4739-4DAB-A1C3-D0F138610A84}.Debug|x86.Deploy.0 = Debug|iPhoneSimulator
		{896B0BE6-4739-4DAB-A1C3-D0F138610A84}.Release|Any CPU.ActiveCfg = Release|iPhoneSimulator
		{896B0BE6-4739-4DAB-A1C3-D0F138610A84}.Release|Any CPU.Build.0 = Release|iPhoneSimulator
		{896B0BE6-4739-4DAB-A1C3-D0F138610A84}.Release|Any CPU.Deploy.0 = Release|iPhoneSimulator
		{896B0BE6-4739-4DAB-A1C3-D0F138610A84}.Release|ARM.ActiveCfg = Release|iPhoneSimulator
		{896B0BE6-4739-4DAB-A1C3-D0F138610A84}.Release|ARM.Build.0 = Release|iPhoneSimulator
		{896B0BE6-4739-4DAB-A1C3-D0F138610A84}.Release|ARM.Deploy.0 = Release|iPhoneSimulator
		{896B0BE6-4739-4DAB-A1C3-D0F138610A84}.Release|iPhone.ActiveCfg = Release|iPhone
		{896B0BE6-4739-4DAB-A1C3-D0F138610A84}.Release|iPhone.Build.0 = Release|iPhone
		{896B0BE6-4739-4DAB-A1C3-D0F138610A84}.Release|iPhone.Deploy.0 = Release|iPhone
		{896B0BE6-4739-4DAB-A1C3-D0F138610A84}.Release|iPhoneSimulator.ActiveCfg = Release|iPhoneSimulator
		{896B0BE6-4739-4DAB-A1C3-D0F138610A84}.Release|iPhoneSimulator.Build.0 = Release|iPhoneSimulator
		{896B0BE6-4739-4DAB-A1C3-D0F138610A84}.Release|iPhoneSimulator.Deploy.0 = Release|iPhoneSimulator
		{896B0BE6-4739-4DAB-A1C3-D0F138610A84}.Release|x64.ActiveCfg = Release|iPhoneSimulator
		{896B0BE6-4739-4DAB-A1C3-D0F138610A84}.Release|x64.Build.0 = Release|iPhoneSimulator
		{896B0BE6-4739-4DAB-A1C3-D0F138610A84}.Release|x64.Deploy.0 = Release|iPhoneSimulator
		{896B0BE6-4739-4DAB-A1C3-D0F138610A84}.Release|x86.ActiveCfg = Release|iPhoneSimulator
		{896B0BE6-4739-4DAB-A1C3-D0F138610A84}.Release|x86.Build.0 = Release|iPhoneSimulator
		{896B0BE6-4739-4DAB-A1C3-D0F138610A84}.Release|x86.Deploy.0 = Release|iPhoneSimulator
		{A7021B41-8CE2-4A67-A190-A86517E3669E}.Debug|Any CPU.ActiveCfg = Debug|Any CPU
		{A7021B41-8CE2-4A67-A190-A86517E3669E}.Debug|Any CPU.Build.0 = Debug|Any CPU
		{A7021B41-8CE2-4A67-A190-A86517E3669E}.Debug|Any CPU.Deploy.0 = Debug|Any CPU
		{A7021B41-8CE2-4A67-A190-A86517E3669E}.Debug|ARM.ActiveCfg = Debug|Any CPU
		{A7021B41-8CE2-4A67-A190-A86517E3669E}.Debug|ARM.Build.0 = Debug|Any CPU
		{A7021B41-8CE2-4A67-A190-A86517E3669E}.Debug|ARM.Deploy.0 = Debug|Any CPU
		{A7021B41-8CE2-4A67-A190-A86517E3669E}.Debug|iPhone.ActiveCfg = Debug|Any CPU
		{A7021B41-8CE2-4A67-A190-A86517E3669E}.Debug|iPhone.Build.0 = Debug|Any CPU
		{A7021B41-8CE2-4A67-A190-A86517E3669E}.Debug|iPhone.Deploy.0 = Debug|Any CPU
		{A7021B41-8CE2-4A67-A190-A86517E3669E}.Debug|iPhoneSimulator.ActiveCfg = Debug|Any CPU
		{A7021B41-8CE2-4A67-A190-A86517E3669E}.Debug|iPhoneSimulator.Build.0 = Debug|Any CPU
		{A7021B41-8CE2-4A67-A190-A86517E3669E}.Debug|iPhoneSimulator.Deploy.0 = Debug|Any CPU
		{A7021B41-8CE2-4A67-A190-A86517E3669E}.Debug|x64.ActiveCfg = Debug|Any CPU
		{A7021B41-8CE2-4A67-A190-A86517E3669E}.Debug|x64.Build.0 = Debug|Any CPU
		{A7021B41-8CE2-4A67-A190-A86517E3669E}.Debug|x64.Deploy.0 = Debug|Any CPU
		{A7021B41-8CE2-4A67-A190-A86517E3669E}.Debug|x86.ActiveCfg = Debug|Any CPU
		{A7021B41-8CE2-4A67-A190-A86517E3669E}.Debug|x86.Build.0 = Debug|Any CPU
		{A7021B41-8CE2-4A67-A190-A86517E3669E}.Debug|x86.Deploy.0 = Debug|Any CPU
		{A7021B41-8CE2-4A67-A190-A86517E3669E}.Release|Any CPU.ActiveCfg = Release|Any CPU
		{A7021B41-8CE2-4A67-A190-A86517E3669E}.Release|Any CPU.Build.0 = Release|Any CPU
		{A7021B41-8CE2-4A67-A190-A86517E3669E}.Release|Any CPU.Deploy.0 = Release|Any CPU
		{A7021B41-8CE2-4A67-A190-A86517E3669E}.Release|ARM.ActiveCfg = Release|Any CPU
		{A7021B41-8CE2-4A67-A190-A86517E3669E}.Release|ARM.Build.0 = Release|Any CPU
		{A7021B41-8CE2-4A67-A190-A86517E3669E}.Release|ARM.Deploy.0 = Release|Any CPU
		{A7021B41-8CE2-4A67-A190-A86517E3669E}.Release|iPhone.ActiveCfg = Release|Any CPU
		{A7021B41-8CE2-4A67-A190-A86517E3669E}.Release|iPhone.Build.0 = Release|Any CPU
		{A7021B41-8CE2-4A67-A190-A86517E3669E}.Release|iPhone.Deploy.0 = Release|Any CPU
		{A7021B41-8CE2-4A67-A190-A86517E3669E}.Release|iPhoneSimulator.ActiveCfg = Release|Any CPU
		{A7021B41-8CE2-4A67-A190-A86517E3669E}.Release|iPhoneSimulator.Build.0 = Release|Any CPU
		{A7021B41-8CE2-4A67-A190-A86517E3669E}.Release|iPhoneSimulator.Deploy.0 = Release|Any CPU
		{A7021B41-8CE2-4A67-A190-A86517E3669E}.Release|x64.ActiveCfg = Release|Any CPU
		{A7021B41-8CE2-4A67-A190-A86517E3669E}.Release|x64.Build.0 = Release|Any CPU
		{A7021B41-8CE2-4A67-A190-A86517E3669E}.Release|x64.Deploy.0 = Release|Any CPU
		{A7021B41-8CE2-4A67-A190-A86517E3669E}.Release|x86.ActiveCfg = Release|Any CPU
		{A7021B41-8CE2-4A67-A190-A86517E3669E}.Release|x86.Build.0 = Release|Any CPU
		{A7021B41-8CE2-4A67-A190-A86517E3669E}.Release|x86.Deploy.0 = Release|Any CPU
	EndGlobalSection
	GlobalSection(SolutionProperties) = preSolution
		HideSolutionNode = FALSE
	EndGlobalSection
	GlobalSection(ExtensibilityGlobals) = postSolution
		SolutionGuid = {7D8BA4E1-BBC9-4FB7-84CB-6112A03D8D23}
	EndGlobalSection
EndGlobal
