
Microsoft Visual Studio Solution File, Format Version 12.00
# Visual Studio Version 17
VisualStudioVersion = 17.0.31912.275
MinimumVisualStudioVersion = 10.0.40219.1
Project("{FAE04EC0-301F-11D3-BF4B-00C04F79EFBC}") = "SWP_Xamarin_Hotel.UWP", "SWP_Xamarin_Hotel.UWP\SWP_Xamarin_Hotel.UWP.csproj", "{11C2BA96-90B2-423A-BD2C-7C0F74A84889}"
EndProject
Project("{FAE04EC0-301F-11D3-BF4B-00C04F79EFBC}") = "SWP_Xamarin_Hotel.Android", "SWP_Xamarin_Hotel.Android\SWP_Xamarin_Hotel.Android.csproj", "{A4A9D666-F177-45EA-8A28-393612C27A3D}"
EndProject
Project("{FAE04EC0-301F-11D3-BF4B-00C04F79EFBC}") = "SWP_Xamarin_Hotel.iOS", "SWP_Xamarin_Hotel.iOS\SWP_Xamarin_Hotel.iOS.csproj", "{2E6C8A35-1E52-4276-A4EA-1D9BBB879F83}"
EndProject
Project("{9A19103F-16F7-4668-BE54-9A1E7A4F7556}") = "SWP_Xamarin_Hotel", "SWP_Xamarin_Hotel\SWP_Xamarin_Hotel.csproj", "{FCC571A8-28AE-41C1-8BE7-BC3A1D4FF2F2}"
EndProject
Project("{FAE04EC0-301F-11D3-BF4B-00C04F79EFBC}") = "SWP_Xamarin_Hotel_API", "SWP_Xamarin_Hotel_API\SWP_Xamarin_Hotel_API.csproj", "{583C7CE2-EFFE-4C96-9BB1-7EF8032074C3}"
EndProject
Global
	GlobalSection(SolutionConfigurationPlatforms) = preSolution
		Debug|Any CPU = Debug|Any CPU
		Debug|ARM = Debug|ARM
		Debug|iPhone = Debug|iPhone
		Debug|iPhoneSimulator = Debug|iPhoneSimulator
		Debug|x64 = Debug|x64
		Debug|x86 = Debug|x86
		Release|Any CPU = Release|Any CPU
		Release|ARM = Release|ARM
		Release|iPhone = Release|iPhone
		Release|iPhoneSimulator = Release|iPhoneSimulator
		Release|x64 = Release|x64
		Release|x86 = Release|x86
	EndGlobalSection
	GlobalSection(ProjectConfigurationPlatforms) = postSolution
		{11C2BA96-90B2-423A-BD2C-7C0F74A84889}.Debug|Any CPU.ActiveCfg = Debug|x64
		{11C2BA96-90B2-423A-BD2C-7C0F74A84889}.Debug|Any CPU.Build.0 = Debug|x64
		{11C2BA96-90B2-423A-BD2C-7C0F74A84889}.Debug|Any CPU.Deploy.0 = Debug|x64
		{11C2BA96-90B2-423A-BD2C-7C0F74A84889}.Debug|ARM.ActiveCfg = Debug|ARM
		{11C2BA96-90B2-423A-BD2C-7C0F74A84889}.Debug|ARM.Build.0 = Debug|ARM
		{11C2BA96-90B2-423A-BD2C-7C0F74A84889}.Debug|ARM.Deploy.0 = Debug|ARM
		{11C2BA96-90B2-423A-BD2C-7C0F74A84889}.Debug|iPhone.ActiveCfg = Debug|x64
		{11C2BA96-90B2-423A-BD2C-7C0F74A84889}.Debug|iPhone.Build.0 = Debug|x64
		{11C2BA96-90B2-423A-BD2C-7C0F74A84889}.Debug|iPhone.Deploy.0 = Debug|x64
		{11C2BA96-90B2-423A-BD2C-7C0F74A84889}.Debug|iPhoneSimulator.ActiveCfg = Debug|x64
		{11C2BA96-90B2-423A-BD2C-7C0F74A84889}.Debug|iPhoneSimulator.Build.0 = Debug|x64
		{11C2BA96-90B2-423A-BD2C-7C0F74A84889}.Debug|iPhoneSimulator.Deploy.0 = Debug|x64
		{11C2BA96-90B2-423A-BD2C-7C0F74A84889}.Debug|x64.ActiveCfg = Debug|x64
		{11C2BA96-90B2-423A-BD2C-7C0F74A84889}.Debug|x64.Build.0 = Debug|x64
		{11C2BA96-90B2-423A-BD2C-7C0F74A84889}.Debug|x64.Deploy.0 = Debug|x64
		{11C2BA96-90B2-423A-BD2C-7C0F74A84889}.Debug|x86.ActiveCfg = Debug|x86
		{11C2BA96-90B2-423A-BD2C-7C0F74A84889}.Debug|x86.Build.0 = Debug|x86
		{11C2BA96-90B2-423A-BD2C-7C0F74A84889}.Debug|x86.Deploy.0 = Debug|x86
		{11C2BA96-90B2-423A-BD2C-7C0F74A84889}.Release|Any CPU.ActiveCfg = Release|x64
		{11C2BA96-90B2-423A-BD2C-7C0F74A84889}.Release|Any CPU.Build.0 = Release|x64
		{11C2BA96-90B2-423A-BD2C-7C0F74A84889}.Release|Any CPU.Deploy.0 = Release|x64
		{11C2BA96-90B2-423A-BD2C-7C0F74A84889}.Release|ARM.ActiveCfg = Release|ARM
		{11C2BA96-90B2-423A-BD2C-7C0F74A84889}.Release|ARM.Build.0 = Release|ARM
		{11C2BA96-90B2-423A-BD2C-7C0F74A84889}.Release|ARM.Deploy.0 = Release|ARM
		{11C2BA96-90B2-423A-BD2C-7C0F74A84889}.Release|iPhone.ActiveCfg = Release|x64
		{11C2BA96-90B2-423A-BD2C-7C0F74A84889}.Release|iPhone.Build.0 = Release|x64
		{11C2BA96-90B2-423A-BD2C-7C0F74A84889}.Release|iPhone.Deploy.0 = Release|x64
		{11C2BA96-90B2-423A-BD2C-7C0F74A84889}.Release|iPhoneSimulator.ActiveCfg = Release|x64
		{11C2BA96-90B2-423A-BD2C-7C0F74A84889}.Release|iPhoneSimulator.Build.0 = Release|x64
		{11C2BA96-90B2-423A-BD2C-7C0F74A84889}.Release|iPhoneSimulator.Deploy.0 = Release|x64
		{11C2BA96-90B2-423A-BD2C-7C0F74A84889}.Release|x64.ActiveCfg = Release|x64
		{11C2BA96-90B2-423A-BD2C-7C0F74A84889}.Release|x64.Build.0 = Release|x64
		{11C2BA96-90B2-423A-BD2C-7C0F74A84889}.Release|x64.Deploy.0 = Release|x64
		{11C2BA96-90B2-423A-BD2C-7C0F74A84889}.Release|x86.ActiveCfg = Release|x86
		{11C2BA96-90B2-423A-BD2C-7C0F74A84889}.Release|x86.Build.0 = Release|x86
		{11C2BA96-90B2-423A-BD2C-7C0F74A84889}.Release|x86.Deploy.0 = Release|x86
		{A4A9D666-F177-45EA-8A28-393612C27A3D}.Debug|Any CPU.ActiveCfg = Debug|Any CPU
		{A4A9D666-F177-45EA-8A28-393612C27A3D}.Debug|Any CPU.Build.0 = Debug|Any CPU
		{A4A9D666-F177-45EA-8A28-393612C27A3D}.Debug|Any CPU.Deploy.0 = Debug|Any CPU
		{A4A9D666-F177-45EA-8A28-393612C27A3D}.Debug|ARM.ActiveCfg = Debug|Any CPU
		{A4A9D666-F177-45EA-8A28-393612C27A3D}.Debug|ARM.Build.0 = Debug|Any CPU
		{A4A9D666-F177-45EA-8A28-393612C27A3D}.Debug|ARM.Deploy.0 = Debug|Any CPU
		{A4A9D666-F177-45EA-8A28-393612C27A3D}.Debug|iPhone.ActiveCfg = Debug|Any CPU
		{A4A9D666-F177-45EA-8A28-393612C27A3D}.Debug|iPhone.Build.0 = Debug|Any CPU
		{A4A9D666-F177-45EA-8A28-393612C27A3D}.Debug|iPhone.Deploy.0 = Debug|Any CPU
		{A4A9D666-F177-45EA-8A28-393612C27A3D}.Debug|iPhoneSimulator.ActiveCfg = Debug|Any CPU
		{A4A9D666-F177-45EA-8A28-393612C27A3D}.Debug|iPhoneSimulator.Build.0 = Debug|Any CPU
		{A4A9D666-F177-45EA-8A28-393612C27A3D}.Debug|iPhoneSimulator.Deploy.0 = Debug|Any CPU
		{A4A9D666-F177-45EA-8A28-393612C27A3D}.Debug|x64.ActiveCfg = Debug|Any CPU
		{A4A9D666-F177-45EA-8A28-393612C27A3D}.Debug|x64.Build.0 = Debug|Any CPU
		{A4A9D666-F177-45EA-8A28-393612C27A3D}.Debug|x64.Deploy.0 = Debug|Any CPU
		{A4A9D666-F177-45EA-8A28-393612C27A3D}.Debug|x86.ActiveCfg = Debug|Any CPU
		{A4A9D666-F177-45EA-8A28-393612C27A3D}.Debug|x86.Build.0 = Debug|Any CPU
		{A4A9D666-F177-45EA-8A28-393612C27A3D}.Debug|x86.Deploy.0 = Debug|Any CPU
		{A4A9D666-F177-45EA-8A28-393612C27A3D}.Release|Any CPU.ActiveCfg = Release|Any CPU
		{A4A9D666-F177-45EA-8A28-393612C27A3D}.Release|Any CPU.Build.0 = Release|Any CPU
		{A4A9D666-F177-45EA-8A28-393612C27A3D}.Release|Any CPU.Deploy.0 = Release|Any CPU
		{A4A9D666-F177-45EA-8A28-393612C27A3D}.Release|ARM.ActiveCfg = Release|Any CPU
		{A4A9D666-F177-45EA-8A28-393612C27A3D}.Release|ARM.Build.0 = Release|Any CPU
		{A4A9D666-F177-45EA-8A28-393612C27A3D}.Release|ARM.Deploy.0 = Release|Any CPU
		{A4A9D666-F177-45EA-8A28-393612C27A3D}.Release|iPhone.ActiveCfg = Release|Any CPU
		{A4A9D666-F177-45EA-8A28-393612C27A3D}.Release|iPhone.Build.0 = Release|Any CPU
		{A4A9D666-F177-45EA-8A28-393612C27A3D}.Release|iPhone.Deploy.0 = Release|Any CPU
		{A4A9D666-F177-45EA-8A28-393612C27A3D}.Release|iPhoneSimulator.ActiveCfg = Release|Any CPU
		{A4A9D666-F177-45EA-8A28-393612C27A3D}.Release|iPhoneSimulator.Build.0 = Release|Any CPU
		{A4A9D666-F177-45EA-8A28-393612C27A3D}.Release|iPhoneSimulator.Deploy.0 = Release|Any CPU
		{A4A9D666-F177-45EA-8A28-393612C27A3D}.Release|x64.ActiveCfg = Release|Any CPU
		{A4A9D666-F177-45EA-8A28-393612C27A3D}.Release|x64.Build.0 = Release|Any CPU
		{A4A9D666-F177-45EA-8A28-393612C27A3D}.Release|x64.Deploy.0 = Release|Any CPU
		{A4A9D666-F177-45EA-8A28-393612C27A3D}.Release|x86.ActiveCfg = Release|Any CPU
		{A4A9D666-F177-45EA-8A28-393612C27A3D}.Release|x86.Build.0 = Release|Any CPU
		{A4A9D666-F177-45EA-8A28-393612C27A3D}.Release|x86.Deploy.0 = Release|Any CPU
		{2E6C8A35-1E52-4276-A4EA-1D9BBB879F83}.Debug|Any CPU.ActiveCfg = Debug|iPhoneSimulator
		{2E6C8A35-1E52-4276-A4EA-1D9BBB879F83}.Debug|Any CPU.Build.0 = Debug|iPhoneSimulator
		{2E6C8A35-1E52-4276-A4EA-1D9BBB879F83}.Debug|Any CPU.Deploy.0 = Debug|iPhoneSimulator
		{2E6C8A35-1E52-4276-A4EA-1D9BBB879F83}.Debug|ARM.ActiveCfg = Debug|iPhoneSimulator
		{2E6C8A35-1E52-4276-A4EA-1D9BBB879F83}.Debug|ARM.Build.0 = Debug|iPhoneSimulator
		{2E6C8A35-1E52-4276-A4EA-1D9BBB879F83}.Debug|ARM.Deploy.0 = Debug|iPhoneSimulator
		{2E6C8A35-1E52-4276-A4EA-1D9BBB879F83}.Debug|iPhone.ActiveCfg = Debug|iPhone
		{2E6C8A35-1E52-4276-A4EA-1D9BBB879F83}.Debug|iPhone.Build.0 = Debug|iPhone
		{2E6C8A35-1E52-4276-A4EA-1D9BBB879F83}.Debug|iPhone.Deploy.0 = Debug|iPhone
		{2E6C8A35-1E52-4276-A4EA-1D9BBB879F83}.Debug|iPhoneSimulator.ActiveCfg = Debug|iPhoneSimulator
		{2E6C8A35-1E52-4276-A4EA-1D9BBB879F83}.Debug|iPhoneSimulator.Build.0 = Debug|iPhoneSimulator
		{2E6C8A35-1E52-4276-A4EA-1D9BBB879F83}.Debug|iPhoneSimulator.Deploy.0 = Debug|iPhoneSimulator
		{2E6C8A35-1E52-4276-A4EA-1D9BBB879F83}.Debug|x64.ActiveCfg = Debug|iPhone
		{2E6C8A35-1E52-4276-A4EA-1D9BBB879F83}.Debug|x64.Build.0 = Debug|iPhone
		{2E6C8A35-1E52-4276-A4EA-1D9BBB879F83}.Debug|x64.Deploy.0 = Debug|iPhone
		{2E6C8A35-1E52-4276-A4EA-1D9BBB879F83}.Debug|x86.ActiveCfg = Debug|iPhoneSimulator
		{2E6C8A35-1E52-4276-A4EA-1D9BBB879F83}.Debug|x86.Build.0 = Debug|iPhoneSimulator
		{2E6C8A35-1E52-4276-A4EA-1D9BBB879F83}.Debug|x86.Deploy.0 = Debug|iPhoneSimulator
		{2E6C8A35-1E52-4276-A4EA-1D9BBB879F83}.Release|Any CPU.ActiveCfg = Release|iPhoneSimulator
		{2E6C8A35-1E52-4276-A4EA-1D9BBB879F83}.Release|Any CPU.Build.0 = Release|iPhoneSimulator
		{2E6C8A35-1E52-4276-A4EA-1D9BBB879F83}.Release|Any CPU.Deploy.0 = Release|iPhoneSimulator
		{2E6C8A35-1E52-4276-A4EA-1D9BBB879F83}.Release|ARM.ActiveCfg = Release|iPhoneSimulator
		{2E6C8A35-1E52-4276-A4EA-1D9BBB879F83}.Release|ARM.Build.0 = Release|iPhoneSimulator
		{2E6C8A35-1E52-4276-A4EA-1D9BBB879F83}.Release|ARM.Deploy.0 = Release|iPhoneSimulator
		{2E6C8A35-1E52-4276-A4EA-1D9BBB879F83}.Release|iPhone.ActiveCfg = Release|iPhone
		{2E6C8A35-1E52-4276-A4EA-1D9BBB879F83}.Release|iPhone.Build.0 = Release|iPhone
		{2E6C8A35-1E52-4276-A4EA-1D9BBB879F83}.Release|iPhone.Deploy.0 = Release|iPhone
		{2E6C8A35-1E52-4276-A4EA-1D9BBB879F83}.Release|iPhoneSimulator.ActiveCfg = Release|iPhoneSimulator
		{2E6C8A35-1E52-4276-A4EA-1D9BBB879F83}.Release|iPhoneSimulator.Build.0 = Release|iPhoneSimulator
		{2E6C8A35-1E52-4276-A4EA-1D9BBB879F83}.Release|iPhoneSimulator.Deploy.0 = Release|iPhoneSimulator
		{2E6C8A35-1E52-4276-A4EA-1D9BBB879F83}.Release|x64.ActiveCfg = Release|iPhoneSimulator
		{2E6C8A35-1E52-4276-A4EA-1D9BBB879F83}.Release|x64.Build.0 = Release|iPhoneSimulator
		{2E6C8A35-1E52-4276-A4EA-1D9BBB879F83}.Release|x64.Deploy.0 = Release|iPhoneSimulator
		{2E6C8A35-1E52-4276-A4EA-1D9BBB879F83}.Release|x86.ActiveCfg = Release|iPhoneSimulator
		{2E6C8A35-1E52-4276-A4EA-1D9BBB879F83}.Release|x86.Build.0 = Release|iPhoneSimulator
		{2E6C8A35-1E52-4276-A4EA-1D9BBB879F83}.Release|x86.Deploy.0 = Release|iPhoneSimulator
		{FCC571A8-28AE-41C1-8BE7-BC3A1D4FF2F2}.Debug|Any CPU.ActiveCfg = Debug|Any CPU
		{FCC571A8-28AE-41C1-8BE7-BC3A1D4FF2F2}.Debug|Any CPU.Build.0 = Debug|Any CPU
		{FCC571A8-28AE-41C1-8BE7-BC3A1D4FF2F2}.Debug|Any CPU.Deploy.0 = Debug|Any CPU
		{FCC571A8-28AE-41C1-8BE7-BC3A1D4FF2F2}.Debug|ARM.ActiveCfg = Debug|Any CPU
		{FCC571A8-28AE-41C1-8BE7-BC3A1D4FF2F2}.Debug|ARM.Build.0 = Debug|Any CPU
		{FCC571A8-28AE-41C1-8BE7-BC3A1D4FF2F2}.Debug|ARM.Deploy.0 = Debug|Any CPU
		{FCC571A8-28AE-41C1-8BE7-BC3A1D4FF2F2}.Debug|iPhone.ActiveCfg = Debug|Any CPU
		{FCC571A8-28AE-41C1-8BE7-BC3A1D4FF2F2}.Debug|iPhone.Build.0 = Debug|Any CPU
		{FCC571A8-28AE-41C1-8BE7-BC3A1D4FF2F2}.Debug|iPhone.Deploy.0 = Debug|Any CPU
		{FCC571A8-28AE-41C1-8BE7-BC3A1D4FF2F2}.Debug|iPhoneSimulator.ActiveCfg = Debug|Any CPU
		{FCC571A8-28AE-41C1-8BE7-BC3A1D4FF2F2}.Debug|iPhoneSimulator.Build.0 = Debug|Any CPU
		{FCC571A8-28AE-41C1-8BE7-BC3A1D4FF2F2}.Debug|iPhoneSimulator.Deploy.0 = Debug|Any CPU
		{FCC571A8-28AE-41C1-8BE7-BC3A1D4FF2F2}.Debug|x64.ActiveCfg = Debug|Any CPU
		{FCC571A8-28AE-41C1-8BE7-BC3A1D4FF2F2}.Debug|x64.Build.0 = Debug|Any CPU
		{FCC571A8-28AE-41C1-8BE7-BC3A1D4FF2F2}.Debug|x64.Deploy.0 = Debug|Any CPU
		{FCC571A8-28AE-41C1-8BE7-BC3A1D4FF2F2}.Debug|x86.ActiveCfg = Debug|Any CPU
		{FCC571A8-28AE-41C1-8BE7-BC3A1D4FF2F2}.Debug|x86.Build.0 = Debug|Any CPU
		{FCC571A8-28AE-41C1-8BE7-BC3A1D4FF2F2}.Debug|x86.Deploy.0 = Debug|Any CPU
		{FCC571A8-28AE-41C1-8BE7-BC3A1D4FF2F2}.Release|Any CPU.ActiveCfg = Release|Any CPU
		{FCC571A8-28AE-41C1-8BE7-BC3A1D4FF2F2}.Release|Any CPU.Build.0 = Release|Any CPU
		{FCC571A8-28AE-41C1-8BE7-BC3A1D4FF2F2}.Release|Any CPU.Deploy.0 = Release|Any CPU
		{FCC571A8-28AE-41C1-8BE7-BC3A1D4FF2F2}.Release|ARM.ActiveCfg = Release|Any CPU
		{FCC571A8-28AE-41C1-8BE7-BC3A1D4FF2F2}.Release|ARM.Build.0 = Release|Any CPU
		{FCC571A8-28AE-41C1-8BE7-BC3A1D4FF2F2}.Release|ARM.Deploy.0 = Release|Any CPU
		{FCC571A8-28AE-41C1-8BE7-BC3A1D4FF2F2}.Release|iPhone.ActiveCfg = Release|Any CPU
		{FCC571A8-28AE-41C1-8BE7-BC3A1D4FF2F2}.Release|iPhone.Build.0 = Release|Any CPU
		{FCC571A8-28AE-41C1-8BE7-BC3A1D4FF2F2}.Release|iPhone.Deploy.0 = Release|Any CPU
		{FCC571A8-28AE-41C1-8BE7-BC3A1D4FF2F2}.Release|iPhoneSimulator.ActiveCfg = Release|Any CPU
		{FCC571A8-28AE-41C1-8BE7-BC3A1D4FF2F2}.Release|iPhoneSimulator.Build.0 = Release|Any CPU
		{FCC571A8-28AE-41C1-8BE7-BC3A1D4FF2F2}.Release|iPhoneSimulator.Deploy.0 = Release|Any CPU
		{FCC571A8-28AE-41C1-8BE7-BC3A1D4FF2F2}.Release|x64.ActiveCfg = Release|Any CPU
		{FCC571A8-28AE-41C1-8BE7-BC3A1D4FF2F2}.Release|x64.Build.0 = Release|Any CPU
		{FCC571A8-28AE-41C1-8BE7-BC3A1D4FF2F2}.Release|x64.Deploy.0 = Release|Any CPU
		{FCC571A8-28AE-41C1-8BE7-BC3A1D4FF2F2}.Release|x86.ActiveCfg = Release|Any CPU
		{FCC571A8-28AE-41C1-8BE7-BC3A1D4FF2F2}.Release|x86.Build.0 = Release|Any CPU
		{FCC571A8-28AE-41C1-8BE7-BC3A1D4FF2F2}.Release|x86.Deploy.0 = Release|Any CPU
		{583C7CE2-EFFE-4C96-9BB1-7EF8032074C3}.Debug|Any CPU.ActiveCfg = Debug|Any CPU
		{583C7CE2-EFFE-4C96-9BB1-7EF8032074C3}.Debug|Any CPU.Build.0 = Debug|Any CPU
		{583C7CE2-EFFE-4C96-9BB1-7EF8032074C3}.Debug|ARM.ActiveCfg = Debug|Any CPU
		{583C7CE2-EFFE-4C96-9BB1-7EF8032074C3}.Debug|ARM.Build.0 = Debug|Any CPU
		{583C7CE2-EFFE-4C96-9BB1-7EF8032074C3}.Debug|iPhone.ActiveCfg = Debug|Any CPU
		{583C7CE2-EFFE-4C96-9BB1-7EF8032074C3}.Debug|iPhone.Build.0 = Debug|Any CPU
		{583C7CE2-EFFE-4C96-9BB1-7EF8032074C3}.Debug|iPhoneSimulator.ActiveCfg = Debug|Any CPU
		{583C7CE2-EFFE-4C96-9BB1-7EF8032074C3}.Debug|iPhoneSimulator.Build.0 = Debug|Any CPU
		{583C7CE2-EFFE-4C96-9BB1-7EF8032074C3}.Debug|x64.ActiveCfg = Debug|Any CPU
		{583C7CE2-EFFE-4C96-9BB1-7EF8032074C3}.Debug|x64.Build.0 = Debug|Any CPU
		{583C7CE2-EFFE-4C96-9BB1-7EF8032074C3}.Debug|x86.ActiveCfg = Debug|Any CPU
		{583C7CE2-EFFE-4C96-9BB1-7EF8032074C3}.Debug|x86.Build.0 = Debug|Any CPU
		{583C7CE2-EFFE-4C96-9BB1-7EF8032074C3}.Release|Any CPU.ActiveCfg = Release|Any CPU
		{583C7CE2-EFFE-4C96-9BB1-7EF8032074C3}.Release|Any CPU.Build.0 = Release|Any CPU
		{583C7CE2-EFFE-4C96-9BB1-7EF8032074C3}.Release|ARM.ActiveCfg = Release|Any CPU
		{583C7CE2-EFFE-4C96-9BB1-7EF8032074C3}.Release|ARM.Build.0 = Release|Any CPU
		{583C7CE2-EFFE-4C96-9BB1-7EF8032074C3}.Release|iPhone.ActiveCfg = Release|Any CPU
		{583C7CE2-EFFE-4C96-9BB1-7EF8032074C3}.Release|iPhone.Build.0 = Release|Any CPU
		{583C7CE2-EFFE-4C96-9BB1-7EF8032074C3}.Release|iPhoneSimulator.ActiveCfg = Release|Any CPU
		{583C7CE2-EFFE-4C96-9BB1-7EF8032074C3}.Release|iPhoneSimulator.Build.0 = Release|Any CPU
		{583C7CE2-EFFE-4C96-9BB1-7EF8032074C3}.Release|x64.ActiveCfg = Release|Any CPU
		{583C7CE2-EFFE-4C96-9BB1-7EF8032074C3}.Release|x64.Build.0 = Release|Any CPU
		{583C7CE2-EFFE-4C96-9BB1-7EF8032074C3}.Release|x86.ActiveCfg = Release|Any CPU
		{583C7CE2-EFFE-4C96-9BB1-7EF8032074C3}.Release|x86.Build.0 = Release|Any CPU
	EndGlobalSection
	GlobalSection(SolutionProperties) = preSolution
		HideSolutionNode = FALSE
	EndGlobalSection
	GlobalSection(ExtensibilityGlobals) = postSolution
		SolutionGuid = {484D3EB6-7DA5-41F5-90E1-ECDB4F42818A}
	EndGlobalSection
EndGlobal
